// !$*UTF8*$!
{
	archiveVersion = 1;
	classes = {
	};
	objectVersion = 77;
	objects = {

/* Begin PBXBuildFile section */
		21F5D6BE12500B2C05C03C9D /* Assets.xcassets in Resources */ = {isa = PBXBuildFile; fileRef = DE6C15A83BCAB236AB4D31C3 /* Assets.xcassets */; };
		9C51000131D1000100000001 /* AppIcon.icon in Resources */ = {isa = PBXBuildFile; fileRef = 9C51000131D1000100000002 /* AppIcon.icon */; };
		2A2FDF2C31C00B9800A00001 /* PrivacyInfo.xcprivacy in Resources */ = {isa = PBXBuildFile; fileRef = 2A2FDF2B31C00B9800A00001 /* PrivacyInfo.xcprivacy */; };
		2A2FDF2E31C00B9800A00001 /* Acknowledgements.txt in Resources */ = {isa = PBXBuildFile; fileRef = 2A2FDF2D31C00B9800A00001 /* Acknowledgements.txt */; };
		2A2FDF3731C1000300000001 /* model-NOTICE.txt in Resources */ = {isa = PBXBuildFile; fileRef = 2A2FDF3A31C1000300000001 /* model-NOTICE.txt */; };
		2A2FDF3831C1000300000001 /* model-NOTICE.txt in Resources */ = {isa = PBXBuildFile; fileRef = 2A2FDF3A31C1000300000001 /* model-NOTICE.txt */; };
		2A2FDF3B31C1000300000001 /* NOTICE.txt in Resources */ = {isa = PBXBuildFile; fileRef = 2A2FDF3D31C1000300000001 /* NOTICE.txt */; };
		2A2FDF3C31C1000300000001 /* NOTICE.txt in Resources */ = {isa = PBXBuildFile; fileRef = 2A2FDF3D31C1000300000001 /* NOTICE.txt */; };
		2A57A00131C3000100000010 /* TranscriptionCore.swift in Sources */ = {isa = PBXBuildFile; fileRef = 2A57A00131C3000100000012 /* TranscriptionCore.swift */; };
		2A57A00131C3000100000011 /* TranscriptionCore.swift in Sources */ = {isa = PBXBuildFile; fileRef = 2A57A00131C3000100000012 /* TranscriptionCore.swift */; };
		2A57A00131C3000100000014 /* AudioProcessing.swift in Sources */ = {isa = PBXBuildFile; fileRef = 2A57A00131C3000100000013 /* AudioProcessing.swift */; };
		2A57A00131C3000100000015 /* AudioProcessing.swift in Sources */ = {isa = PBXBuildFile; fileRef = 2A57A00131C3000100000013 /* AudioProcessing.swift */; };
		2A57A00131C3000100000016 /* TranscriptPolishing.swift in Sources */ = {isa = PBXBuildFile; fileRef = 2A57A00131C3000100000018 /* TranscriptPolishing.swift */; };
		2A57A00131C3000100000017 /* TranscriptPolishing.swift in Sources */ = {isa = PBXBuildFile; fileRef = 2A57A00131C3000100000018 /* TranscriptPolishing.swift */; };
		53DAA96B0F07428A9B67E002 /* AIProviderCore.swift in Sources */ = {isa = PBXBuildFile; fileRef = 53DAA96B0F07428A9B67E001 /* AIProviderCore.swift */; };
		53DAA96B0F07428A9B67E003 /* AIProviderCore.swift in Sources */ = {isa = PBXBuildFile; fileRef = 53DAA96B0F07428A9B67E001 /* AIProviderCore.swift */; };
		53DAA96B0F07428A9B67E005 /* TelemetryCore.swift in Sources */ = {isa = PBXBuildFile; fileRef = 53DAA96B0F07428A9B67E004 /* TelemetryCore.swift */; };
		53DAA96B0F07428A9B67E006 /* TelemetryCore.swift in Sources */ = {isa = PBXBuildFile; fileRef = 53DAA96B0F07428A9B67E004 /* TelemetryCore.swift */; };
		9B4D100131D0000100000001 /* MeetingCore.swift in Sources */ = {isa = PBXBuildFile; fileRef = 9B4D100131D0000100000004 /* MeetingCore.swift */; };
		9B4D100131D0000100000002 /* MeetingCore.swift in Sources */ = {isa = PBXBuildFile; fileRef = 9B4D100131D0000100000004 /* MeetingCore.swift */; };
		9B4D100131D0000100000011 /* MeetingPersistence.swift in Sources */ = {isa = PBXBuildFile; fileRef = 9B4D100131D0000100000014 /* MeetingPersistence.swift */; };
		9B4D100131D0000100000012 /* MeetingPersistence.swift in Sources */ = {isa = PBXBuildFile; fileRef = 9B4D100131D0000100000014 /* MeetingPersistence.swift */; };
		6F53000131C5000100000001 /* Sparkle in Frameworks */ = {isa = PBXBuildFile; productRef = 6F53000131C5000100000003 /* Sparkle */; };
		6F53000131C5000100000004 /* Sparkle-2.10.0.txt in Resources */ = {isa = PBXBuildFile; fileRef = 6F53000131C5000100000005 /* Sparkle-2.10.0.txt */; };
		B0FA000131D2000100000004 /* FluidAudio in Frameworks */ = {isa = PBXBuildFile; productRef = B0FA000131D2000100000002 /* FluidAudio */; };
		B0FA000131D2000100000005 /* FluidAudio in Frameworks */ = {isa = PBXBuildFile; productRef = B0FA000131D2000100000003 /* FluidAudio */; };
		B0FA000131D2000100000007 /* FluidAudio in Frameworks */ = {isa = PBXBuildFile; productRef = B0FA000131D2000100000006 /* FluidAudio */; };
		7A53000131C6000100000002 /* TranscriptionCore.swift in Sources */ = {isa = PBXBuildFile; fileRef = 2A57A00131C3000100000012 /* TranscriptionCore.swift */; };
		7A53000131C6000100000003 /* AudioProcessing.swift in Sources */ = {isa = PBXBuildFile; fileRef = 2A57A00131C3000100000013 /* AudioProcessing.swift */; };
		7A53000131C6000100000004 /* TranscriptPolishing.swift in Sources */ = {isa = PBXBuildFile; fileRef = 2A57A00131C3000100000018 /* TranscriptPolishing.swift */; };
		7A53000131C6000100000005 /* AIProviderCore.swift in Sources */ = {isa = PBXBuildFile; fileRef = 53DAA96B0F07428A9B67E001 /* AIProviderCore.swift */; };
		7A53000131C6000100000006 /* TelemetryCore.swift in Sources */ = {isa = PBXBuildFile; fileRef = 53DAA96B0F07428A9B67E004 /* TelemetryCore.swift */; };
		9B4D100131D0000100000003 /* MeetingCore.swift in Sources */ = {isa = PBXBuildFile; fileRef = 9B4D100131D0000100000004 /* MeetingCore.swift */; };
		9B4D100131D0000100000013 /* MeetingPersistence.swift in Sources */ = {isa = PBXBuildFile; fileRef = 9B4D100131D0000100000014 /* MeetingPersistence.swift */; };
		7A53000131C600010000000A /* model-NOTICE.txt in Resources */ = {isa = PBXBuildFile; fileRef = 2A2FDF3A31C1000300000001 /* model-NOTICE.txt */; };
		7A53000131C600010000000B /* NOTICE.txt in Resources */ = {isa = PBXBuildFile; fileRef = 2A2FDF3D31C1000300000001 /* NOTICE.txt */; };
		8C7A18FCDA66C92FA3E0F8F4 /* ContentView.swift in Sources */ = {isa = PBXBuildFile; fileRef = AEE8B6ADF5ACFBCED341D24E /* ContentView.swift */; };
		8FADA1EF707898B72E315E15 /* AudioCapture.swift in Sources */ = {isa = PBXBuildFile; fileRef = B6843916C14C177A41165D16 /* AudioCapture.swift */; };
		B21E4D0C5A51E7F58BD5FFB8 /* HistoryStore.swift in Sources */ = {isa = PBXBuildFile; fileRef = C8DB5A205EACDB4ACD590805 /* HistoryStore.swift */; };
		B21E4D0C5A51E7F58BD5FFC0 /* MobileMeetingStore.swift in Sources */ = {isa = PBXBuildFile; fileRef = C8DB5A205EACDB4ACD590806 /* MobileMeetingStore.swift */; };
		E3FFA860792C84B288FB9E2B /* TranscriptionEngine.swift in Sources */ = {isa = PBXBuildFile; fileRef = 0DF35452BDB52F57619F70A5 /* TranscriptionEngine.swift */; };
		E8B1666ED700EDFBA5C576D3 /* YaprflowApp.swift in Sources */ = {isa = PBXBuildFile; fileRef = 0ACE08087D0D03B45508ADEF /* YaprflowApp.swift */; };
/* End PBXBuildFile section */

/* Begin PBXFileReference section */
		01B9F3CA97F12303F51C3977 /* Info.plist */ = {isa = PBXFileReference; includeInIndex = 1; lastKnownFileType = text.plist.xml; path = Info.plist; sourceTree = "<group>"; };
		0ACE08087D0D03B45508ADEF /* YaprflowApp.swift */ = {isa = PBXFileReference; includeInIndex = 1; lastKnownFileType = sourcecode.swift; path = YaprflowApp.swift; sourceTree = "<group>"; };
		0DF35452BDB52F57619F70A5 /* TranscriptionEngine.swift */ = {isa = PBXFileReference; includeInIndex = 1; lastKnownFileType = sourcecode.swift; path = TranscriptionEngine.swift; sourceTree = "<group>"; };
		2A2FDF2B31C00B9800A00001 /* PrivacyInfo.xcprivacy */ = {isa = PBXFileReference; includeInIndex = 1; lastKnownFileType = text.xml; path = PrivacyInfo.xcprivacy; sourceTree = "<group>"; };
		2A2FDF2D31C00B9800A00001 /* Acknowledgements.txt */ = {isa = PBXFileReference; includeInIndex = 1; lastKnownFileType = text; path = yaprflow/Acknowledgements.txt; sourceTree = SOURCE_ROOT; };
		2A2FDF3A31C1000300000001 /* model-NOTICE.txt */ = {isa = PBXFileReference; includeInIndex = 1; lastKnownFileType = text; path = "scripts/model-NOTICE.txt"; sourceTree = SOURCE_ROOT; };
		2A2FDF3D31C1000300000001 /* NOTICE.txt */ = {isa = PBXFileReference; includeInIndex = 1; lastKnownFileType = text; path = NOTICE.txt; sourceTree = SOURCE_ROOT; };
		2A57A00131C3000100000012 /* TranscriptionCore.swift */ = {isa = PBXFileReference; includeInIndex = 1; lastKnownFileType = sourcecode.swift; path = Shared/TranscriptionCore.swift; sourceTree = SOURCE_ROOT; };
		2A57A00131C3000100000013 /* AudioProcessing.swift */ = {isa = PBXFileReference; includeInIndex = 1; lastKnownFileType = sourcecode.swift; path = Shared/AudioProcessing.swift; sourceTree = SOURCE_ROOT; };
		2A57A00131C3000100000018 /* TranscriptPolishing.swift */ = {isa = PBXFileReference; includeInIndex = 1; lastKnownFileType = sourcecode.swift; path = Shared/TranscriptPolishing.swift; sourceTree = SOURCE_ROOT; };
		53DAA96B0F07428A9B67E001 /* AIProviderCore.swift */ = {isa = PBXFileReference; includeInIndex = 1; lastKnownFileType = sourcecode.swift; path = Shared/AIProviderCore.swift; sourceTree = SOURCE_ROOT; };
		53DAA96B0F07428A9B67E004 /* TelemetryCore.swift */ = {isa = PBXFileReference; includeInIndex = 1; lastKnownFileType = sourcecode.swift; path = Shared/TelemetryCore.swift; sourceTree = SOURCE_ROOT; };
		9B4D100131D0000100000004 /* MeetingCore.swift */ = {isa = PBXFileReference; includeInIndex = 1; lastKnownFileType = sourcecode.swift; path = Shared/MeetingCore.swift; sourceTree = SOURCE_ROOT; };
		9B4D100131D0000100000014 /* MeetingPersistence.swift */ = {isa = PBXFileReference; includeInIndex = 1; lastKnownFileType = sourcecode.swift; path = Shared/MeetingPersistence.swift; sourceTree = SOURCE_ROOT; };
		9C51000131D1000100000002 /* AppIcon.icon */ = {isa = PBXFileReference; includeInIndex = 1; lastKnownFileType = folder.iconcomposer.icon; name = AppIcon.icon; path = ../yaprflow/AppIcon.icon; sourceTree = "<group>"; };
		6F53000131C5000100000005 /* Sparkle-2.10.0.txt */ = {isa = PBXFileReference; includeInIndex = 1; lastKnownFileType = text; path = "LICENSES/Sparkle-2.10.0.txt"; sourceTree = SOURCE_ROOT; };
		7A53000131C6000100000010 /* yaprflow App Store.app */ = {isa = PBXFileReference; explicitFileType = wrapper.application; includeInIndex = 0; path = yaprflow.app; sourceTree = BUILT_PRODUCTS_DIR; };
		8AC764B726D8D52670A9D93A /* yaprflow-iOS.app */ = {isa = PBXFileReference; explicitFileType = wrapper.application; includeInIndex = 0; path = "yaprflow-iOS.app"; sourceTree = BUILT_PRODUCTS_DIR; };
		AEE8B6ADF5ACFBCED341D24E /* ContentView.swift */ = {isa = PBXFileReference; includeInIndex = 1; lastKnownFileType = sourcecode.swift; path = ContentView.swift; sourceTree = "<group>"; };
		AFA2BC972F97E6F00048D99B /* yaprflow.app */ = {isa = PBXFileReference; explicitFileType = wrapper.application; includeInIndex = 0; path = yaprflow.app; sourceTree = BUILT_PRODUCTS_DIR; };
		B6843916C14C177A41165D16 /* AudioCapture.swift */ = {isa = PBXFileReference; includeInIndex = 1; lastKnownFileType = sourcecode.swift; path = AudioCapture.swift; sourceTree = "<group>"; };
		C8DB5A205EACDB4ACD590805 /* HistoryStore.swift */ = {isa = PBXFileReference; includeInIndex = 1; lastKnownFileType = sourcecode.swift; path = HistoryStore.swift; sourceTree = "<group>"; };
		C8DB5A205EACDB4ACD590806 /* MobileMeetingStore.swift */ = {isa = PBXFileReference; includeInIndex = 1; lastKnownFileType = sourcecode.swift; path = MobileMeetingStore.swift; sourceTree = "<group>"; };
		DE6C15A83BCAB236AB4D31C3 /* Assets.xcassets */ = {isa = PBXFileReference; includeInIndex = 1; lastKnownFileType = folder.assetcatalog; path = Assets.xcassets; sourceTree = "<group>"; };
/* End PBXFileReference section */

/* Begin PBXFileSystemSynchronizedBuildFileExceptionSet section */
		2A2FDF3E31C1000400000001 /* Exceptions for "yaprflow" folder in "yaprflow" target */ = {
			isa = PBXFileSystemSynchronizedBuildFileExceptionSet;
			membershipExceptions = (
				"Info-AppStore.plist",
				Info.plist,
			);
			target = AFA2BC962F97E6F00048D99B /* yaprflow */;
		};
		7A53000131C6000100000011 /* Exceptions for "yaprflow" folder in "yaprflow-AppStore" target */ = {
			isa = PBXFileSystemSynchronizedBuildFileExceptionSet;
			membershipExceptions = (
				"Info-AppStore.plist",
				Info.plist,
			);
			target = 7A53000131C6000100000016 /* yaprflow-AppStore */;
		};
/* End PBXFileSystemSynchronizedBuildFileExceptionSet section */

/* Begin PBXFileSystemSynchronizedRootGroup section */
		AFA2BC992F97E6F00048D99B /* yaprflow */ = {
			isa = PBXFileSystemSynchronizedRootGroup;
			exceptions = (
				2A2FDF3E31C1000400000001 /* Exceptions for "yaprflow" folder in "yaprflow" target */,
				7A53000131C6000100000011 /* Exceptions for "yaprflow" folder in "yaprflow-AppStore" target */,
			);
			path = yaprflow;
			sourceTree = "<group>";
		};
/* End PBXFileSystemSynchronizedRootGroup section */

/* Begin PBXFrameworksBuildPhase section */
		A04E7ACACC5D97D6961000D6 /* Frameworks */ = {
			isa = PBXFrameworksBuildPhase;
			buildActionMask = 2147483647;
			files = (
				B0FA000131D2000100000007 /* FluidAudio in Frameworks */,
			);
			runOnlyForDeploymentPostprocessing = 0;
		};
		AFA2BC942F97E6F00048D99B /* Frameworks */ = {
			isa = PBXFrameworksBuildPhase;
			buildActionMask = 2147483647;
			files = (
				B0FA000131D2000100000004 /* FluidAudio in Frameworks */,
				6F53000131C5000100000001 /* Sparkle in Frameworks */,
			);
			runOnlyForDeploymentPostprocessing = 0;
		};
		7A53000131C6000100000012 /* Frameworks */ = {
			isa = PBXFrameworksBuildPhase;
			buildActionMask = 2147483647;
			files = (
				B0FA000131D2000100000005 /* FluidAudio in Frameworks */,
			);
			runOnlyForDeploymentPostprocessing = 0;
		};
/* End PBXFrameworksBuildPhase section */

/* Begin PBXGroup section */
		AFA2BC8E2F97E6F00048D99B = {
			isa = PBXGroup;
			children = (
				AFA2BC992F97E6F00048D99B /* yaprflow */,
				2A57A00131C3000100000012 /* TranscriptionCore.swift */,
				2A57A00131C3000100000013 /* AudioProcessing.swift */,
				2A57A00131C3000100000018 /* TranscriptPolishing.swift */,
				53DAA96B0F07428A9B67E001 /* AIProviderCore.swift */,
				53DAA96B0F07428A9B67E004 /* TelemetryCore.swift */,
				9B4D100131D0000100000004 /* MeetingCore.swift */,
				9B4D100131D0000100000014 /* MeetingPersistence.swift */,
				6F53000131C5000100000005 /* Sparkle-2.10.0.txt */,
				2A2FDF2D31C00B9800A00001 /* Acknowledgements.txt */,
				2A2FDF3A31C1000300000001 /* model-NOTICE.txt */,
				2A2FDF3D31C1000300000001 /* NOTICE.txt */,
				AFA2BC982F97E6F00048D99B /* Products */,
				E79D4C2D141B796EBFF0A0F5 /* yaprflow-iOS */,
			);
			sourceTree = "<group>";
		};
		AFA2BC982F97E6F00048D99B /* Products */ = {
			isa = PBXGroup;
			children = (
				AFA2BC972F97E6F00048D99B /* yaprflow.app */,
				7A53000131C6000100000010 /* yaprflow App Store.app */,
				8AC764B726D8D52670A9D93A /* yaprflow-iOS.app */,
			);
			name = Products;
			sourceTree = "<group>";
		};
		E79D4C2D141B796EBFF0A0F5 /* yaprflow-iOS */ = {
			isa = PBXGroup;
			children = (
				0ACE08087D0D03B45508ADEF /* YaprflowApp.swift */,
				AEE8B6ADF5ACFBCED341D24E /* ContentView.swift */,
				0DF35452BDB52F57619F70A5 /* TranscriptionEngine.swift */,
				B6843916C14C177A41165D16 /* AudioCapture.swift */,
				C8DB5A205EACDB4ACD590805 /* HistoryStore.swift */,
				C8DB5A205EACDB4ACD590806 /* MobileMeetingStore.swift */,
				9C51000131D1000100000002 /* AppIcon.icon */,
				DE6C15A83BCAB236AB4D31C3 /* Assets.xcassets */,
				2A2FDF2B31C00B9800A00001 /* PrivacyInfo.xcprivacy */,
				01B9F3CA97F12303F51C3977 /* Info.plist */,
			);
			path = "yaprflow-iOS";
			sourceTree = "<group>";
		};
/* End PBXGroup section */

/* Begin PBXNativeTarget section */
		7C7AFE524881F5527E0A0BBA /* yaprflow-iOS */ = {
			isa = PBXNativeTarget;
			buildConfigurationList = 01485293EBB3EC73757D33BD /* Build configuration list for PBXNativeTarget "yaprflow-iOS" */;
			buildPhases = (
				F0C57C0BD4CD888E432A8FB8 /* Sources */,
				A04E7ACACC5D97D6961000D6 /* Frameworks */,
				D7112767503008F01FB5ADD8 /* Resources */,
				2A57A00131C2000100000001 /* Copy Models */,
			);
			buildRules = (
			);
			dependencies = (
			);
			name = "yaprflow-iOS";
			packageProductDependencies = (
				B0FA000131D2000100000006 /* FluidAudio */,
			);
			productName = "yaprflow-iOS";
			productReference = 8AC764B726D8D52670A9D93A /* yaprflow-iOS.app */;
			productType = "com.apple.product-type.application";
		};
		AFA2BC962F97E6F00048D99B /* yaprflow */ = {
			isa = PBXNativeTarget;
			buildConfigurationList = AFA2BCA22F97E6F10048D99B /* Build configuration list for PBXNativeTarget "yaprflow" */;
			buildPhases = (
				AFA2BC932F97E6F00048D99B /* Sources */,
				AFA2BC942F97E6F00048D99B /* Frameworks */,
				AFA2BC952F97E6F00048D99B /* Resources */,
				AFA2BCC02F97E6F00048D99B /* Copy Models */,
			);
			buildRules = (
			);
			dependencies = (
			);
			fileSystemSynchronizedGroups = (
				AFA2BC992F97E6F00048D99B /* yaprflow */,
			);
			name = yaprflow;
			packageProductDependencies = (
				6F53000131C5000100000003 /* Sparkle */,
				B0FA000131D2000100000002 /* FluidAudio */,
			);
			productName = yaprflow;
			productReference = AFA2BC972F97E6F00048D99B /* yaprflow.app */;
			productType = "com.apple.product-type.application";
		};
		7A53000131C6000100000016 /* yaprflow-AppStore */ = {
			isa = PBXNativeTarget;
			buildConfigurationList = 7A53000131C6000100000017 /* Build configuration list for PBXNativeTarget "yaprflow-AppStore" */;
			buildPhases = (
				7A53000131C6000100000013 /* Sources */,
				7A53000131C6000100000012 /* Frameworks */,
				7A53000131C6000100000014 /* Resources */,
				7A53000131C6000100000015 /* Copy Models */,
			);
			buildRules = (
			);
			dependencies = (
			);
			fileSystemSynchronizedGroups = (
				AFA2BC992F97E6F00048D99B /* yaprflow */,
			);
			name = "yaprflow-AppStore";
			packageProductDependencies = (
				B0FA000131D2000100000003 /* FluidAudio */,
			);
			productName = yaprflow;
			productReference = 7A53000131C6000100000010 /* yaprflow App Store.app */;
			productType = "com.apple.product-type.application";
		};
/* End PBXNativeTarget section */

/* Begin PBXProject section */
		AFA2BC8F2F97E6F00048D99B /* Project object */ = {
			isa = PBXProject;
			attributes = {
				BuildIndependentTargetsInParallel = 1;
				LastSwiftUpdateCheck = 2640;
				LastUpgradeCheck = 2640;
				TargetAttributes = {
					7A53000131C6000100000016 = {
						CreatedOnToolsVersion = 26.4.1;
					};
					AFA2BC962F97E6F00048D99B = {
						CreatedOnToolsVersion = 26.4.1;
					};
				};
			};
			buildConfigurationList = AFA2BC922F97E6F00048D99B /* Build configuration list for PBXProject "yaprflow" */;
			developmentRegion = en;
			hasScannedForEncodings = 0;
			knownRegions = (
				en,
				Base,
			);
			mainGroup = AFA2BC8E2F97E6F00048D99B;
			minimizedProjectReferenceProxies = 1;
			packageReferences = (
				6F53000131C5000100000002 /* XCRemoteSwiftPackageReference "Sparkle" */,
				B0FA000131D2000100000001 /* XCRemoteSwiftPackageReference "FluidAudio" */,
			);
			preferredProjectObjectVersion = 77;
			productRefGroup = AFA2BC982F97E6F00048D99B /* Products */;
			projectDirPath = "";
			projectRoot = "";
			targets = (
				AFA2BC962F97E6F00048D99B /* yaprflow */,
				7A53000131C6000100000016 /* yaprflow-AppStore */,
				7C7AFE524881F5527E0A0BBA /* yaprflow-iOS */,
			);
		};
/* End PBXProject section */

/* Begin PBXResourcesBuildPhase section */
		AFA2BC952F97E6F00048D99B /* Resources */ = {
			isa = PBXResourcesBuildPhase;
			buildActionMask = 2147483647;
			files = (
				6F53000131C5000100000004 /* Sparkle-2.10.0.txt in Resources */,
				2A2FDF3731C1000300000001 /* model-NOTICE.txt in Resources */,
				2A2FDF3B31C1000300000001 /* NOTICE.txt in Resources */,
			);
			runOnlyForDeploymentPostprocessing = 0;
		};
		D7112767503008F01FB5ADD8 /* Resources */ = {
			isa = PBXResourcesBuildPhase;
			buildActionMask = 2147483647;
			files = (
				9C51000131D1000100000001 /* AppIcon.icon in Resources */,
				21F5D6BE12500B2C05C03C9D /* Assets.xcassets in Resources */,
				2A2FDF2E31C00B9800A00001 /* Acknowledgements.txt in Resources */,
				2A2FDF3831C1000300000001 /* model-NOTICE.txt in Resources */,
				2A2FDF3C31C1000300000001 /* NOTICE.txt in Resources */,
				2A2FDF2C31C00B9800A00001 /* PrivacyInfo.xcprivacy in Resources */,
			);
			runOnlyForDeploymentPostprocessing = 0;
		};
		7A53000131C6000100000014 /* Resources */ = {
			isa = PBXResourcesBuildPhase;
			buildActionMask = 2147483647;
			files = (
				7A53000131C600010000000A /* model-NOTICE.txt in Resources */,
				7A53000131C600010000000B /* NOTICE.txt in Resources */,
			);
			runOnlyForDeploymentPostprocessing = 0;
		};
/* End PBXResourcesBuildPhase section */

/* Begin PBXShellScriptBuildPhase section */
		AFA2BCC02F97E6F00048D99B /* Copy Models */ = {
			isa = PBXShellScriptBuildPhase;
			buildActionMask = 2147483647;
			files = (
			);
			inputFileListPaths = (
			);
			inputPaths = (
				"$(SRCROOT)/Models",
				"$(SRCROOT)/scripts/copy-models.sh",
				"$(SRCROOT)/scripts/lib/model-release.sh",
				"$(SRCROOT)/scripts/model-checksums.sha256",
			);
			name = "Copy Models";
			outputFileListPaths = (
			);
			outputPaths = (
				"$(TARGET_BUILD_DIR)/$(UNLOCALIZED_RESOURCES_FOLDER_PATH)/Models",
			);
			runOnlyForDeploymentPostprocessing = 0;
			shellPath = /bin/sh;
			shellScript = "\"$SRCROOT/scripts/copy-models.sh\" \"$TARGET_BUILD_DIR/$UNLOCALIZED_RESOURCES_FOLDER_PATH/Models\" parakeet-tdt-0.6b-v3\n";
		};
		2A57A00131C2000100000001 /* Copy Models */ = {
			isa = PBXShellScriptBuildPhase;
			buildActionMask = 2147483647;
			files = (
			);
			inputFileListPaths = (
			);
			inputPaths = (
				"$(SRCROOT)/Models",
				"$(SRCROOT)/scripts/copy-models.sh",
				"$(SRCROOT)/scripts/lib/model-release.sh",
				"$(SRCROOT)/scripts/model-checksums.sha256",
			);
			name = "Copy Models";
			outputFileListPaths = (
			);
			outputPaths = (
				"$(TARGET_BUILD_DIR)/$(UNLOCALIZED_RESOURCES_FOLDER_PATH)/Models",
			);
			runOnlyForDeploymentPostprocessing = 0;
			shellPath = /bin/sh;
			shellScript = "\"$SRCROOT/scripts/copy-models.sh\" \"$TARGET_BUILD_DIR/$UNLOCALIZED_RESOURCES_FOLDER_PATH/Models\" parakeet-tdt-0.6b-v3\n";
		};
		7A53000131C6000100000015 /* Copy Models */ = {
			isa = PBXShellScriptBuildPhase;
			buildActionMask = 2147483647;
			files = (
			);
			inputFileListPaths = (
			);
			inputPaths = (
				"$(SRCROOT)/Models",
				"$(SRCROOT)/scripts/copy-models.sh",
				"$(SRCROOT)/scripts/lib/model-release.sh",
				"$(SRCROOT)/scripts/model-checksums.sha256",
			);
			name = "Copy Models";
			outputFileListPaths = (
			);
			outputPaths = (
				"$(TARGET_BUILD_DIR)/$(UNLOCALIZED_RESOURCES_FOLDER_PATH)/Models",
			);
			runOnlyForDeploymentPostprocessing = 0;
			shellPath = /bin/sh;
			shellScript = "\"$SRCROOT/scripts/copy-models.sh\" \"$TARGET_BUILD_DIR/$UNLOCALIZED_RESOURCES_FOLDER_PATH/Models\" parakeet-tdt-0.6b-v3\n";
		};
/* End PBXShellScriptBuildPhase section */

/* Begin PBXSourcesBuildPhase section */
		AFA2BC932F97E6F00048D99B /* Sources */ = {
			isa = PBXSourcesBuildPhase;
			buildActionMask = 2147483647;
			files = (
				2A57A00131C3000100000010 /* TranscriptionCore.swift in Sources */,
				2A57A00131C3000100000014 /* AudioProcessing.swift in Sources */,
				2A57A00131C3000100000016 /* TranscriptPolishing.swift in Sources */,
				53DAA96B0F07428A9B67E002 /* AIProviderCore.swift in Sources */,
				53DAA96B0F07428A9B67E005 /* TelemetryCore.swift in Sources */,
				9B4D100131D0000100000001 /* MeetingCore.swift in Sources */,
				9B4D100131D0000100000011 /* MeetingPersistence.swift in Sources */,
			);
			runOnlyForDeploymentPostprocessing = 0;
		};
		F0C57C0BD4CD888E432A8FB8 /* Sources */ = {
			isa = PBXSourcesBuildPhase;
			buildActionMask = 2147483647;
			files = (
				2A57A00131C3000100000011 /* TranscriptionCore.swift in Sources */,
				2A57A00131C3000100000015 /* AudioProcessing.swift in Sources */,
				2A57A00131C3000100000017 /* TranscriptPolishing.swift in Sources */,
				53DAA96B0F07428A9B67E003 /* AIProviderCore.swift in Sources */,
				53DAA96B0F07428A9B67E006 /* TelemetryCore.swift in Sources */,
				9B4D100131D0000100000002 /* MeetingCore.swift in Sources */,
				9B4D100131D0000100000012 /* MeetingPersistence.swift in Sources */,
				E8B1666ED700EDFBA5C576D3 /* YaprflowApp.swift in Sources */,
				8C7A18FCDA66C92FA3E0F8F4 /* ContentView.swift in Sources */,
				E3FFA860792C84B288FB9E2B /* TranscriptionEngine.swift in Sources */,
				8FADA1EF707898B72E315E15 /* AudioCapture.swift in Sources */,
				B21E4D0C5A51E7F58BD5FFB8 /* HistoryStore.swift in Sources */,
				B21E4D0C5A51E7F58BD5FFC0 /* MobileMeetingStore.swift in Sources */,
			);
			runOnlyForDeploymentPostprocessing = 0;
		};
		7A53000131C6000100000013 /* Sources */ = {
			isa = PBXSourcesBuildPhase;
			buildActionMask = 2147483647;
			files = (
				7A53000131C6000100000002 /* TranscriptionCore.swift in Sources */,
				7A53000131C6000100000003 /* AudioProcessing.swift in Sources */,
				7A53000131C6000100000004 /* TranscriptPolishing.swift in Sources */,
				7A53000131C6000100000005 /* AIProviderCore.swift in Sources */,
				7A53000131C6000100000006 /* TelemetryCore.swift in Sources */,
				9B4D100131D0000100000003 /* MeetingCore.swift in Sources */,
				9B4D100131D0000100000013 /* MeetingPersistence.swift in Sources */,
			);
			runOnlyForDeploymentPostprocessing = 0;
		};
/* End PBXSourcesBuildPhase section */

/* Begin XCBuildConfiguration section */
		6D97BAAB347A1A392629BAD5 /* Debug */ = {
			isa = XCBuildConfiguration;
			buildSettings = {
				ASSETCATALOG_COMPILER_APPICON_NAME = AppIcon;
				ASSETCATALOG_COMPILER_GLOBAL_ACCENT_COLOR_NAME = AccentColor;
				CLANG_ENABLE_OBJC_WEAK = YES;
				CODE_SIGN_STYLE = Automatic;
				CURRENT_PROJECT_VERSION = 8;
				DEVELOPMENT_TEAM = GVXC5FQ2RP;
				ENABLE_PREVIEWS = YES;
				GENERATE_INFOPLIST_FILE = NO;
				INFOPLIST_FILE = "yaprflow-iOS/Info.plist";
				IPHONEOS_DEPLOYMENT_TARGET = 17.0;
				LD_RUNPATH_SEARCH_PATHS = (
					"$(inherited)",
					"@executable_path/Frameworks",
				);
				MARKETING_VERSION = 1.0.0;
				PRODUCT_BUNDLE_IDENTIFIER = com.tmoreton.yaprflow.ios;
				PRODUCT_NAME = "$(TARGET_NAME)";
				SDKROOT = iphoneos;
				SUPPORTED_PLATFORMS = "iphoneos iphonesimulator";
				SUPPORTS_MACCATALYST = NO;
				SUPPORTS_MAC_DESIGNED_FOR_IPHONE_IPAD = NO;
				SWIFT_APPROACHABLE_CONCURRENCY = YES;
				SWIFT_DEFAULT_ACTOR_ISOLATION = MainActor;
				SWIFT_UPCOMING_FEATURE_MEMBER_IMPORT_VISIBILITY = YES;
				SWIFT_VERSION = 6.0;
				TARGETED_DEVICE_FAMILY = "1,2";
			};
			name = Debug;
		};
		77B4447415B149175CF1563D /* Release */ = {
			isa = XCBuildConfiguration;
			buildSettings = {
				ASSETCATALOG_COMPILER_APPICON_NAME = AppIcon;
				ASSETCATALOG_COMPILER_GLOBAL_ACCENT_COLOR_NAME = AccentColor;
				CLANG_ENABLE_OBJC_WEAK = YES;
				CODE_SIGN_STYLE = Automatic;
				CURRENT_PROJECT_VERSION = 8;
				DEVELOPMENT_TEAM = GVXC5FQ2RP;
				ENABLE_PREVIEWS = YES;
				GENERATE_INFOPLIST_FILE = NO;
				INFOPLIST_FILE = "yaprflow-iOS/Info.plist";
				IPHONEOS_DEPLOYMENT_TARGET = 17.0;
				LD_RUNPATH_SEARCH_PATHS = (
					"$(inherited)",
					"@executable_path/Frameworks",
				);
				MARKETING_VERSION = 1.0.0;
				PRODUCT_BUNDLE_IDENTIFIER = com.tmoreton.yaprflow.ios;
				PRODUCT_NAME = "$(TARGET_NAME)";
				SDKROOT = iphoneos;
				SUPPORTED_PLATFORMS = "iphoneos iphonesimulator";
				SUPPORTS_MACCATALYST = NO;
				SUPPORTS_MAC_DESIGNED_FOR_IPHONE_IPAD = NO;
				SWIFT_APPROACHABLE_CONCURRENCY = YES;
				SWIFT_DEFAULT_ACTOR_ISOLATION = MainActor;
				SWIFT_UPCOMING_FEATURE_MEMBER_IMPORT_VISIBILITY = YES;
				SWIFT_VERSION = 6.0;
				TARGETED_DEVICE_FAMILY = "1,2";
				VALIDATE_PRODUCT = YES;
			};
			name = Release;
		};
		AFA2BCA02F97E6F10048D99B /* Debug */ = {
			isa = XCBuildConfiguration;
			buildSettings = {
				ALWAYS_SEARCH_USER_PATHS = NO;
				ASSETCATALOG_COMPILER_GENERATE_SWIFT_ASSET_SYMBOL_EXTENSIONS = YES;
				CLANG_ANALYZER_NONNULL = YES;
				CLANG_ANALYZER_NUMBER_OBJECT_CONVERSION = YES_AGGRESSIVE;
				CLANG_CXX_LANGUAGE_STANDARD = "gnu++20";
				CLANG_ENABLE_MODULES = YES;
				CLANG_ENABLE_OBJC_ARC = YES;
				CLANG_ENABLE_OBJC_WEAK = YES;
				CLANG_WARN_BLOCK_CAPTURE_AUTORELEASING = YES;
				CLANG_WARN_BOOL_CONVERSION = YES;
				CLANG_WARN_COMMA = YES;
				CLANG_WARN_CONSTANT_CONVERSION = YES;
				CLANG_WARN_DEPRECATED_OBJC_IMPLEMENTATIONS = YES;
				CLANG_WARN_DIRECT_OBJC_ISA_USAGE = YES_ERROR;
				CLANG_WARN_DOCUMENTATION_COMMENTS = YES;
				CLANG_WARN_EMPTY_BODY = YES;
				CLANG_WARN_ENUM_CONVERSION = YES;
				CLANG_WARN_INFINITE_RECURSION = YES;
				CLANG_WARN_INT_CONVERSION = YES;
				CLANG_WARN_NON_LITERAL_NULL_CONVERSION = YES;
				CLANG_WARN_OBJC_IMPLICIT_RETAIN_SELF = YES;
				CLANG_WARN_OBJC_LITERAL_CONVERSION = YES;
				CLANG_WARN_OBJC_ROOT_CLASS = YES_ERROR;
				CLANG_WARN_QUOTED_INCLUDE_IN_FRAMEWORK_HEADER = YES;
				CLANG_WARN_RANGE_LOOP_ANALYSIS = YES;
				CLANG_WARN_STRICT_PROTOTYPES = YES;
				CLANG_WARN_SUSPICIOUS_MOVE = YES;
				CLANG_WARN_UNGUARDED_AVAILABILITY = YES_AGGRESSIVE;
				CLANG_WARN_UNREACHABLE_CODE = YES;
				CLANG_WARN__DUPLICATE_METHOD_MATCH = YES;
				COPY_PHASE_STRIP = NO;
				DEBUG_INFORMATION_FORMAT = dwarf;
				DEVELOPMENT_TEAM = GVXC5FQ2RP;
				ENABLE_STRICT_OBJC_MSGSEND = YES;
				ENABLE_TESTABILITY = YES;
				ENABLE_USER_SCRIPT_SANDBOXING = NO;
				GCC_C_LANGUAGE_STANDARD = gnu17;
				GCC_DYNAMIC_NO_PIC = NO;
				GCC_NO_COMMON_BLOCKS = YES;
				GCC_OPTIMIZATION_LEVEL = 0;
				GCC_PREPROCESSOR_DEFINITIONS = (
					"DEBUG=1",
					"$(inherited)",
				);
				GCC_WARN_64_TO_32_BIT_CONVERSION = YES;
				GCC_WARN_ABOUT_RETURN_TYPE = YES_ERROR;
				GCC_WARN_UNDECLARED_SELECTOR = YES;
				GCC_WARN_UNINITIALIZED_AUTOS = YES_AGGRESSIVE;
				GCC_WARN_UNUSED_FUNCTION = YES;
				GCC_WARN_UNUSED_VARIABLE = YES;
				LOCALIZATION_PREFERS_STRING_CATALOGS = YES;
				MACOSX_DEPLOYMENT_TARGET = 14.0;
				MTL_ENABLE_DEBUG_INFO = INCLUDE_SOURCE;
				MTL_FAST_MATH = YES;
				ONLY_ACTIVE_ARCH = YES;
				SDKROOT = macosx;
				SWIFT_ACTIVE_COMPILATION_CONDITIONS = "DEBUG $(inherited)";
				SWIFT_OPTIMIZATION_LEVEL = "-Onone";
			};
			name = Debug;
		};
		AFA2BCA12F97E6F10048D99B /* Release */ = {
			isa = XCBuildConfiguration;
			buildSettings = {
				ALWAYS_SEARCH_USER_PATHS = NO;
				ASSETCATALOG_COMPILER_GENERATE_SWIFT_ASSET_SYMBOL_EXTENSIONS = YES;
				CLANG_ANALYZER_NONNULL = YES;
				CLANG_ANALYZER_NUMBER_OBJECT_CONVERSION = YES_AGGRESSIVE;
				CLANG_CXX_LANGUAGE_STANDARD = "gnu++20";
				CLANG_ENABLE_MODULES = YES;
				CLANG_ENABLE_OBJC_ARC = YES;
				CLANG_ENABLE_OBJC_WEAK = YES;
				CLANG_WARN_BLOCK_CAPTURE_AUTORELEASING = YES;
				CLANG_WARN_BOOL_CONVERSION = YES;
				CLANG_WARN_COMMA = YES;
				CLANG_WARN_CONSTANT_CONVERSION = YES;
				CLANG_WARN_DEPRECATED_OBJC_IMPLEMENTATIONS = YES;
				CLANG_WARN_DIRECT_OBJC_ISA_USAGE = YES_ERROR;
				CLANG_WARN_DOCUMENTATION_COMMENTS = YES;
				CLANG_WARN_EMPTY_BODY = YES;
				CLANG_WARN_ENUM_CONVERSION = YES;
				CLANG_WARN_INFINITE_RECURSION = YES;
				CLANG_WARN_INT_CONVERSION = YES;
				CLANG_WARN_NON_LITERAL_NULL_CONVERSION = YES;
				CLANG_WARN_OBJC_IMPLICIT_RETAIN_SELF = YES;
				CLANG_WARN_OBJC_LITERAL_CONVERSION = YES;
				CLANG_WARN_OBJC_ROOT_CLASS = YES_ERROR;
				CLANG_WARN_QUOTED_INCLUDE_IN_FRAMEWORK_HEADER = YES;
				CLANG_WARN_RANGE_LOOP_ANALYSIS = YES;
				CLANG_WARN_STRICT_PROTOTYPES = YES;
				CLANG_WARN_SUSPICIOUS_MOVE = YES;
				CLANG_WARN_UNGUARDED_AVAILABILITY = YES_AGGRESSIVE;
				CLANG_WARN_UNREACHABLE_CODE = YES;
				CLANG_WARN__DUPLICATE_METHOD_MATCH = YES;
				COPY_PHASE_STRIP = NO;
				DEBUG_INFORMATION_FORMAT = "dwarf-with-dsym";
				DEVELOPMENT_TEAM = GVXC5FQ2RP;
				ENABLE_NS_ASSERTIONS = NO;
				ENABLE_STRICT_OBJC_MSGSEND = YES;
				ENABLE_USER_SCRIPT_SANDBOXING = NO;
				GCC_C_LANGUAGE_STANDARD = gnu17;
				GCC_NO_COMMON_BLOCKS = YES;
				GCC_WARN_64_TO_32_BIT_CONVERSION = YES;
				GCC_WARN_ABOUT_RETURN_TYPE = YES_ERROR;
				GCC_WARN_UNDECLARED_SELECTOR = YES;
				GCC_WARN_UNINITIALIZED_AUTOS = YES_AGGRESSIVE;
				GCC_WARN_UNUSED_FUNCTION = YES;
				GCC_WARN_UNUSED_VARIABLE = YES;
				LOCALIZATION_PREFERS_STRING_CATALOGS = YES;
				MACOSX_DEPLOYMENT_TARGET = 14.0;
				MTL_ENABLE_DEBUG_INFO = NO;
				MTL_FAST_MATH = YES;
				SDKROOT = macosx;
				SWIFT_COMPILATION_MODE = wholemodule;
			};
			name = Release;
		};
		AFA2BCA32F97E6F10048D99B /* Debug */ = {
			isa = XCBuildConfiguration;
			buildSettings = {
				APTABASE_APP_KEY = "";
				ASSETCATALOG_COMPILER_APPICON_NAME = AppIcon;
				ASSETCATALOG_COMPILER_GLOBAL_ACCENT_COLOR_NAME = AccentColor;
				CODE_SIGN_ENTITLEMENTS = yaprflow/yaprflow.entitlements;
				CODE_SIGN_STYLE = Automatic;
				COMBINE_HIDPI_IMAGES = YES;
				CURRENT_PROJECT_VERSION = 31;
				DEVELOPMENT_TEAM = GVXC5FQ2RP;
				ENABLE_APP_SANDBOX = YES;
				ENABLE_HARDENED_RUNTIME = YES;
				ENABLE_PREVIEWS = YES;
				GENERATE_INFOPLIST_FILE = NO;
				INFOPLIST_FILE = yaprflow/Info.plist;
				LD_RUNPATH_SEARCH_PATHS = (
					"$(inherited)",
					"@executable_path/../Frameworks",
				);
				MARKETING_VERSION = 5.2.18;
				PRODUCT_BUNDLE_IDENTIFIER = com.tmoreton.yaprflow;
				PRODUCT_NAME = "$(TARGET_NAME)";
				STRING_CATALOG_GENERATE_SYMBOLS = YES;
				SWIFT_ACTIVE_COMPILATION_CONDITIONS = "DEBUG DIRECT_DISTRIBUTION $(inherited)";
				SWIFT_APPROACHABLE_CONCURRENCY = YES;
				SWIFT_DEFAULT_ACTOR_ISOLATION = MainActor;
				SWIFT_EMIT_LOC_STRINGS = YES;
				SWIFT_UPCOMING_FEATURE_MEMBER_IMPORT_VISIBILITY = YES;
				SWIFT_VERSION = 6.0;
			};
			name = Debug;
		};
		AFA2BCA42F97E6F10048D99B /* Release */ = {
			isa = XCBuildConfiguration;
			buildSettings = {
				APTABASE_APP_KEY = "";
				ASSETCATALOG_COMPILER_APPICON_NAME = AppIcon;
				ASSETCATALOG_COMPILER_GLOBAL_ACCENT_COLOR_NAME = AccentColor;
				CODE_SIGN_ENTITLEMENTS = yaprflow/yaprflow.entitlements;
				CODE_SIGN_STYLE = Automatic;
				COMBINE_HIDPI_IMAGES = YES;
				CURRENT_PROJECT_VERSION = 31;
				DEAD_CODE_STRIPPING = YES;
				DEVELOPMENT_TEAM = GVXC5FQ2RP;
				ENABLE_APP_SANDBOX = YES;
				ENABLE_HARDENED_RUNTIME = YES;
				ENABLE_PREVIEWS = YES;
				GENERATE_INFOPLIST_FILE = NO;
				INFOPLIST_FILE = yaprflow/Info.plist;
				LD_RUNPATH_SEARCH_PATHS = (
					"$(inherited)",
					"@executable_path/../Frameworks",
				);
				MARKETING_VERSION = 5.2.18;
				PRODUCT_BUNDLE_IDENTIFIER = com.tmoreton.yaprflow;
				PRODUCT_NAME = "$(TARGET_NAME)";
				STRING_CATALOG_GENERATE_SYMBOLS = YES;
				SWIFT_ACTIVE_COMPILATION_CONDITIONS = "DIRECT_DISTRIBUTION $(inherited)";
				SWIFT_APPROACHABLE_CONCURRENCY = YES;
				SWIFT_DEFAULT_ACTOR_ISOLATION = MainActor;
				SWIFT_EMIT_LOC_STRINGS = YES;
				SWIFT_UPCOMING_FEATURE_MEMBER_IMPORT_VISIBILITY = YES;
				SWIFT_VERSION = 6.0;
				VALIDATE_PRODUCT = YES;
			};
			name = Release;
		};
		7A53000131C6000100000018 /* Debug */ = {
			isa = XCBuildConfiguration;
			buildSettings = {
				APTABASE_APP_KEY = "";
				ASSETCATALOG_COMPILER_APPICON_NAME = AppIcon;
				ASSETCATALOG_COMPILER_GLOBAL_ACCENT_COLOR_NAME = AccentColor;
				CODE_SIGN_ENTITLEMENTS = "yaprflow/yaprflow-AppStore.entitlements";
				CODE_SIGN_STYLE = Automatic;
				COMBINE_HIDPI_IMAGES = YES;
				CURRENT_PROJECT_VERSION = 31;
				DEVELOPMENT_TEAM = GVXC5FQ2RP;
				ENABLE_APP_SANDBOX = YES;
				ENABLE_HARDENED_RUNTIME = YES;
				ENABLE_PREVIEWS = YES;
				GENERATE_INFOPLIST_FILE = NO;
				INFOPLIST_FILE = "yaprflow/Info-AppStore.plist";
				LD_RUNPATH_SEARCH_PATHS = (
					"$(inherited)",
					"@executable_path/../Frameworks",
				);
				MARKETING_VERSION = 5.2.18;
				PRODUCT_BUNDLE_IDENTIFIER = com.tmoreton.yaprflow;
				PRODUCT_NAME = yaprflow;
				STRING_CATALOG_GENERATE_SYMBOLS = YES;
				SWIFT_ACTIVE_COMPILATION_CONDITIONS = "DEBUG APP_STORE_DISTRIBUTION $(inherited)";
				SWIFT_APPROACHABLE_CONCURRENCY = YES;
				SWIFT_DEFAULT_ACTOR_ISOLATION = MainActor;
				SWIFT_EMIT_LOC_STRINGS = YES;
				SWIFT_UPCOMING_FEATURE_MEMBER_IMPORT_VISIBILITY = YES;
				SWIFT_VERSION = 6.0;
			};
			name = Debug;
		};
		7A53000131C6000100000019 /* Release */ = {
			isa = XCBuildConfiguration;
			buildSettings = {
				APTABASE_APP_KEY = "";
				ASSETCATALOG_COMPILER_APPICON_NAME = AppIcon;
				ASSETCATALOG_COMPILER_GLOBAL_ACCENT_COLOR_NAME = AccentColor;
				CODE_SIGN_ENTITLEMENTS = "yaprflow/yaprflow-AppStore.entitlements";
				CODE_SIGN_STYLE = Automatic;
				COMBINE_HIDPI_IMAGES = YES;
				CURRENT_PROJECT_VERSION = 31;
				DEAD_CODE_STRIPPING = YES;
				DEVELOPMENT_TEAM = GVXC5FQ2RP;
				ENABLE_APP_SANDBOX = YES;
				ENABLE_HARDENED_RUNTIME = YES;
				ENABLE_PREVIEWS = YES;
				GENERATE_INFOPLIST_FILE = NO;
				INFOPLIST_FILE = "yaprflow/Info-AppStore.plist";
				LD_RUNPATH_SEARCH_PATHS = (
					"$(inherited)",
					"@executable_path/../Frameworks",
				);
				MARKETING_VERSION = 5.2.18;
				PRODUCT_BUNDLE_IDENTIFIER = com.tmoreton.yaprflow;
				PRODUCT_NAME = yaprflow;
				STRING_CATALOG_GENERATE_SYMBOLS = YES;
				SWIFT_ACTIVE_COMPILATION_CONDITIONS = "APP_STORE_DISTRIBUTION $(inherited)";
				SWIFT_APPROACHABLE_CONCURRENCY = YES;
				SWIFT_DEFAULT_ACTOR_ISOLATION = MainActor;
				SWIFT_EMIT_LOC_STRINGS = YES;
				SWIFT_UPCOMING_FEATURE_MEMBER_IMPORT_VISIBILITY = YES;
				SWIFT_VERSION = 6.0;
				VALIDATE_PRODUCT = YES;
			};
			name = Release;
		};
/* End XCBuildConfiguration section */

/* Begin XCConfigurationList section */
		01485293EBB3EC73757D33BD /* Build configuration list for PBXNativeTarget "yaprflow-iOS" */ = {
			isa = XCConfigurationList;
			buildConfigurations = (
				77B4447415B149175CF1563D /* Release */,
				6D97BAAB347A1A392629BAD5 /* Debug */,
			);
			defaultConfigurationIsVisible = 0;
			defaultConfigurationName = Release;
		};
		AFA2BC922F97E6F00048D99B /* Build configuration list for PBXProject "yaprflow" */ = {
			isa = XCConfigurationList;
			buildConfigurations = (
				AFA2BCA02F97E6F10048D99B /* Debug */,
				AFA2BCA12F97E6F10048D99B /* Release */,
			);
			defaultConfigurationIsVisible = 0;
			defaultConfigurationName = Release;
		};
		AFA2BCA22F97E6F10048D99B /* Build configuration list for PBXNativeTarget "yaprflow" */ = {
			isa = XCConfigurationList;
			buildConfigurations = (
				AFA2BCA32F97E6F10048D99B /* Debug */,
				AFA2BCA42F97E6F10048D99B /* Release */,
			);
			defaultConfigurationIsVisible = 0;
			defaultConfigurationName = Release;
		};
		7A53000131C6000100000017 /* Build configuration list for PBXNativeTarget "yaprflow-AppStore" */ = {
			isa = XCConfigurationList;
			buildConfigurations = (
				7A53000131C6000100000018 /* Debug */,
				7A53000131C6000100000019 /* Release */,
			);
			defaultConfigurationIsVisible = 0;
			defaultConfigurationName = Release;
		};
/* End XCConfigurationList section */

/* Begin XCRemoteSwiftPackageReference section */
		6F53000131C5000100000002 /* XCRemoteSwiftPackageReference "Sparkle" */ = {
			isa = XCRemoteSwiftPackageReference;
			repositoryURL = "https://github.com/sparkle-project/Sparkle";
			requirement = {
				kind = exactVersion;
				version = 2.10.0;
			};
		};
		B0FA000131D2000100000001 /* XCRemoteSwiftPackageReference "FluidAudio" */ = {
			isa = XCRemoteSwiftPackageReference;
			repositoryURL = "https://github.com/FluidInference/FluidAudio";
			requirement = {
				kind = exactVersion;
				version = 0.13.6;
			};
		};
/* End XCRemoteSwiftPackageReference section */

/* Begin XCSwiftPackageProductDependency section */
		6F53000131C5000100000003 /* Sparkle */ = {
			isa = XCSwiftPackageProductDependency;
			package = 6F53000131C5000100000002 /* XCRemoteSwiftPackageReference "Sparkle" */;
			productName = Sparkle;
		};
		B0FA000131D2000100000002 /* FluidAudio */ = {
			isa = XCSwiftPackageProductDependency;
			package = B0FA000131D2000100000001 /* XCRemoteSwiftPackageReference "FluidAudio" */;
			productName = FluidAudio;
		};
		B0FA000131D2000100000003 /* FluidAudio */ = {
			isa = XCSwiftPackageProductDependency;
			package = B0FA000131D2000100000001 /* XCRemoteSwiftPackageReference "FluidAudio" */;
			productName = FluidAudio;
		};
		B0FA000131D2000100000006 /* FluidAudio */ = {
			isa = XCSwiftPackageProductDependency;
			package = B0FA000131D2000100000001 /* XCRemoteSwiftPackageReference "FluidAudio" */;
			productName = FluidAudio;
		};
/* End XCSwiftPackageProductDependency section */
	};
	rootObject = AFA2BC8F2F97E6F00048D99B /* Project object */;
}
