{
  "originHash" : "4943735d6dca5128731d88f03eeff0312228f60c1a989eb1ca6e9aa269113113",
  "pins" : [
    {
      "identity" : "fluidaudio",
      "kind" : "remoteSourceControl",
      "location" : "https://github.com/FluidInference/FluidAudio",
      "state" : {
        "revision" : "57551cd90e0bbec342766244358bcf08afb05290",
        "version" : "0.13.6"
      }
    }
  ],
  "version" : 3
}
